
Microsoft Visual Studio Solution File, Format Version 12.00
# Visual Studio Version 17
VisualStudioVersion = 17.8.34511.84
MinimumVisualStudioVersion = 10.0.40219.1
Project("{888888A0-9F3D-457C-B088-3A5042F75D52}") = "TSE-Server", "TSE-Server.pyproj", "{9653D950-0407-4C84-A6F6-71A43F7F02AC}"
EndProject
Global
	GlobalSection(SolutionConfigurationPlatforms) = preSolution
		Debug|Any CPU = Debug|Any CPU
		Release|Any CPU = Release|Any CPU
	EndGlobalSection
	GlobalSection(ProjectConfigurationPlatforms) = postSolution
		{9653D950-0407-4C84-A6F6-71A43F7F02AC}.Debug|Any CPU.ActiveCfg = Debug|Any CPU
		{9653D950-0407-4C84-A6F6-71A43F7F02AC}.Release|Any CPU.ActiveCfg = Release|Any CPU
	EndGlobalSection
	GlobalSection(SolutionProperties) = preSolution
		HideSolutionNode = FALSE
	EndGlobalSection
	GlobalSection(ExtensibilityGlobals) = postSolution
		SolutionGuid = {70EEDDE7-9D39-405B-A0E4-9BD9AB1D37AA}
	EndGlobalSection
EndGlobal
